
Microsoft Visual Studio Solution File, Format Version 12.00
# Visual Studio Version 17
VisualStudioVersion = 17.0.31903.59
MinimumVisualStudioVersion = 10.0.40219.1
Project("{F2A71F9B-5D33-465A-A702-920D77279786}") = "assignment_1", "assignment_1\assignment_1.fsproj", "{7AFA1E94-7433-41DA-A901-A13F2468BCC3}"
EndProject
Project("{F2A71F9B-5D33-465A-A702-920D77279786}") = "assignment_2", "assignment_2\assignment_2.fsproj", "{201158D2-D371-4656-A8A8-8CB4860AD9A9}"
EndProject
Project("{F2A71F9B-5D33-465A-A702-920D77279786}") = "assignment_3", "assignment_3\assignment_3.fsproj", "{A1B429F7-8D0D-40EC-8775-19B4290D3C70}"
EndProject
Project("{F2A71F9B-5D33-465A-A702-920D77279786}") = "assignment_4", "assignment_4\assignment_4.fsproj", "{F13D4541-97C1-4A51-B670-C8D70BC6D789}"
EndProject
Project("{F2A71F9B-5D33-465A-A702-920D77279786}") = "assignment_5", "assignment_5\assignment_5.fsproj", "{D88DFCDA-1BE1-448C-B8DC-32222F139316}"
EndProject
Project("{2150E333-8FDC-42A3-9474-1A3956D46DE8}") = "Assignment6_Template", "Assignment6_Template", "{F657E74D-7A0A-4D47-833F-BA7551509746}"
	ProjectSection(SolutionItems) = preProject
		Assignment6_Template\Assignment6_Template.sln = Assignment6_Template\Assignment6_Template.sln
	EndProjectSection
EndProject
Project("{F2A71F9B-5D33-465A-A702-920D77279786}") = "Assignment6_Template", "Assignment6_Template\Assignment6_Template\Assignment6_Template.fsproj", "{FC9CD36B-662C-4FB6-B5D4-B0FA13A27322}"
EndProject
Project("{F2A71F9B-5D33-465A-A702-920D77279786}") = "assignment_6", "assignment_6\assignment_6.fsproj", "{7B9D3A0A-66E0-4AB2-93D9-56243C84C468}"
EndProject
Project("{F2A71F9B-5D33-465A-A702-920D77279786}") = "Assignment7_Template", "Assignment7_Template\Assignment7_Template.fsproj", "{BD58B199-60A7-47B2-B8D1-74B16F7823E9}"
EndProject
Project("{F2A71F9B-5D33-465A-A702-920D77279786}") = "previous_exams", "previous_exams\previous_exams.fsproj", "{7C16935D-87FC-46BA-BC1D-2983A18F004F}"
EndProject
Global
	GlobalSection(SolutionConfigurationPlatforms) = preSolution
		Debug|Any CPU = Debug|Any CPU
		Release|Any CPU = Release|Any CPU
	EndGlobalSection
	GlobalSection(SolutionProperties) = preSolution
		HideSolutionNode = FALSE
	EndGlobalSection
	GlobalSection(ProjectConfigurationPlatforms) = postSolution
		{7AFA1E94-7433-41DA-A901-A13F2468BCC3}.Debug|Any CPU.ActiveCfg = Debug|Any CPU
		{7AFA1E94-7433-41DA-A901-A13F2468BCC3}.Debug|Any CPU.Build.0 = Debug|Any CPU
		{7AFA1E94-7433-41DA-A901-A13F2468BCC3}.Release|Any CPU.ActiveCfg = Release|Any CPU
		{7AFA1E94-7433-41DA-A901-A13F2468BCC3}.Release|Any CPU.Build.0 = Release|Any CPU
		{201158D2-D371-4656-A8A8-8CB4860AD9A9}.Debug|Any CPU.ActiveCfg = Debug|Any CPU
		{201158D2-D371-4656-A8A8-8CB4860AD9A9}.Debug|Any CPU.Build.0 = Debug|Any CPU
		{201158D2-D371-4656-A8A8-8CB4860AD9A9}.Release|Any CPU.ActiveCfg = Release|Any CPU
		{201158D2-D371-4656-A8A8-8CB4860AD9A9}.Release|Any CPU.Build.0 = Release|Any CPU
		{A1B429F7-8D0D-40EC-8775-19B4290D3C70}.Debug|Any CPU.ActiveCfg = Debug|Any CPU
		{A1B429F7-8D0D-40EC-8775-19B4290D3C70}.Debug|Any CPU.Build.0 = Debug|Any CPU
		{A1B429F7-8D0D-40EC-8775-19B4290D3C70}.Release|Any CPU.ActiveCfg = Release|Any CPU
		{A1B429F7-8D0D-40EC-8775-19B4290D3C70}.Release|Any CPU.Build.0 = Release|Any CPU
		{F13D4541-97C1-4A51-B670-C8D70BC6D789}.Debug|Any CPU.ActiveCfg = Debug|Any CPU
		{F13D4541-97C1-4A51-B670-C8D70BC6D789}.Debug|Any CPU.Build.0 = Debug|Any CPU
		{F13D4541-97C1-4A51-B670-C8D70BC6D789}.Release|Any CPU.ActiveCfg = Release|Any CPU
		{F13D4541-97C1-4A51-B670-C8D70BC6D789}.Release|Any CPU.Build.0 = Release|Any CPU
		{D88DFCDA-1BE1-448C-B8DC-32222F139316}.Debug|Any CPU.ActiveCfg = Debug|Any CPU
		{D88DFCDA-1BE1-448C-B8DC-32222F139316}.Debug|Any CPU.Build.0 = Debug|Any CPU
		{D88DFCDA-1BE1-448C-B8DC-32222F139316}.Release|Any CPU.ActiveCfg = Release|Any CPU
		{D88DFCDA-1BE1-448C-B8DC-32222F139316}.Release|Any CPU.Build.0 = Release|Any CPU
		{FC9CD36B-662C-4FB6-B5D4-B0FA13A27322}.Debug|Any CPU.ActiveCfg = Debug|Any CPU
		{FC9CD36B-662C-4FB6-B5D4-B0FA13A27322}.Debug|Any CPU.Build.0 = Debug|Any CPU
		{FC9CD36B-662C-4FB6-B5D4-B0FA13A27322}.Release|Any CPU.ActiveCfg = Release|Any CPU
		{FC9CD36B-662C-4FB6-B5D4-B0FA13A27322}.Release|Any CPU.Build.0 = Release|Any CPU
		{7B9D3A0A-66E0-4AB2-93D9-56243C84C468}.Debug|Any CPU.ActiveCfg = Debug|Any CPU
		{7B9D3A0A-66E0-4AB2-93D9-56243C84C468}.Debug|Any CPU.Build.0 = Debug|Any CPU
		{7B9D3A0A-66E0-4AB2-93D9-56243C84C468}.Release|Any CPU.ActiveCfg = Release|Any CPU
		{7B9D3A0A-66E0-4AB2-93D9-56243C84C468}.Release|Any CPU.Build.0 = Release|Any CPU
		{BD58B199-60A7-47B2-B8D1-74B16F7823E9}.Debug|Any CPU.ActiveCfg = Debug|Any CPU
		{BD58B199-60A7-47B2-B8D1-74B16F7823E9}.Debug|Any CPU.Build.0 = Debug|Any CPU
		{BD58B199-60A7-47B2-B8D1-74B16F7823E9}.Release|Any CPU.ActiveCfg = Release|Any CPU
		{BD58B199-60A7-47B2-B8D1-74B16F7823E9}.Release|Any CPU.Build.0 = Release|Any CPU
		{7C16935D-87FC-46BA-BC1D-2983A18F004F}.Debug|Any CPU.ActiveCfg = Debug|Any CPU
		{7C16935D-87FC-46BA-BC1D-2983A18F004F}.Debug|Any CPU.Build.0 = Debug|Any CPU
		{7C16935D-87FC-46BA-BC1D-2983A18F004F}.Release|Any CPU.ActiveCfg = Release|Any CPU
		{7C16935D-87FC-46BA-BC1D-2983A18F004F}.Release|Any CPU.Build.0 = Release|Any CPU
	EndGlobalSection
	GlobalSection(NestedProjects) = preSolution
		{F657E74D-7A0A-4D47-833F-BA7551509746} = {F657E74D-7A0A-4D47-833F-BA7551509746}
		{FC9CD36B-662C-4FB6-B5D4-B0FA13A27322} = {F657E74D-7A0A-4D47-833F-BA7551509746}
	EndGlobalSection
EndGlobal
